
Microsoft Visual Studio Solution File, Format Version 12.00
# Visual Studio Version 17
VisualStudioVersion = 17.9.34728.123
MinimumVisualStudioVersion = 10.0.40219.1
Project("{F184B08F-C81C-45F6-A57F-5ABD9991F28F}") = "Proyecto final 4to semestre  vb", "Proyecto final 4to semestre  vb\Proyecto final 4to semestre  vb.vbproj", "{479C0F5D-9768-42A7-B981-EBC4CB4F704A}"
EndProject
Global
	GlobalSection(SolutionConfigurationPlatforms) = preSolution
		Debug|Any CPU = Debug|Any CPU
		Release|Any CPU = Release|Any CPU
	EndGlobalSection
	GlobalSection(ProjectConfigurationPlatforms) = postSolution
		{479C0F5D-9768-42A7-B981-EBC4CB4F704A}.Debug|Any CPU.ActiveCfg = Debug|Any CPU
		{479C0F5D-9768-42A7-B981-EBC4CB4F704A}.Debug|Any CPU.Build.0 = Debug|Any CPU
		{479C0F5D-9768-42A7-B981-EBC4CB4F704A}.Release|Any CPU.ActiveCfg = Release|Any CPU
		{479C0F5D-9768-42A7-B981-EBC4CB4F704A}.Release|Any CPU.Build.0 = Release|Any CPU
	EndGlobalSection
	GlobalSection(SolutionProperties) = preSolution
		HideSolutionNode = FALSE
	EndGlobalSection
	GlobalSection(ExtensibilityGlobals) = postSolution
		SolutionGuid = {15975316-24E8-4735-8A9D-13B7B8E341CE}
	EndGlobalSection
EndGlobal
